
Microsoft Visual Studio Solution File, Format Version 12.00
# Visual Studio Version 16
VisualStudioVersion = 16.0.29519.181
MinimumVisualStudioVersion = 10.0.40219.1
Project("{FAE04EC0-301F-11D3-BF4B-00C04F79EFBC}") = "DetailView_Contextmenu", "DetailView_Contextmenu\DetailView_Contextmenu.csproj", "{DCDA210E-F9D3-4CCB-A622-132A6718EC28}"
EndProject
Global
	GlobalSection(SolutionConfigurationPlatforms) = preSolution
		Debug|Any CPU = Debug|Any CPU
		Release|Any CPU = Release|Any CPU
	EndGlobalSection
	GlobalSection(ProjectConfigurationPlatforms) = postSolution
		{DCDA210E-F9D3-4CCB-A622-132A6718EC28}.Debug|Any CPU.ActiveCfg = Debug|Any CPU
		{DCDA210E-F9D3-4CCB-A622-132A6718EC28}.Debug|Any CPU.Build.0 = Debug|Any CPU
		{DCDA210E-F9D3-4CCB-A622-132A6718EC28}.Release|Any CPU.ActiveCfg = Release|Any CPU
		{DCDA210E-F9D3-4CCB-A622-132A6718EC28}.Release|Any CPU.Build.0 = Release|Any CPU
	EndGlobalSection
	GlobalSection(SolutionProperties) = preSolution
		HideSolutionNode = FALSE
	EndGlobalSection
	GlobalSection(ExtensibilityGlobals) = postSolution
		SolutionGuid = {3F62B384-5687-4EF5-A6BC-9684809C9EC6}
	EndGlobalSection
EndGlobal
